// !$*UTF8*$!
{
	archiveVersion = 1;
	classes = {
	};
	objectVersion = 46;
	objects = {

/* Begin PBXBuildFile section */
		F7005C69199DAA4900197432 /* TabViewDelegate.m in Sources */ = {isa = PBXBuildFile; fileRef = F7005C68199DAA4900197432 /* TabViewDelegate.m */; };
		F76021F81995D0E9002DFE01 /* Tag_APE.mm in Sources */ = {isa = PBXBuildFile; fileRef = F76021F71995D0E9002DFE01 /* Tag_APE.mm */; };
		F76021FB1995D232002DFE01 /* Tag_ID3V2.mm in Sources */ = {isa = PBXBuildFile; fileRef = F76021FA1995D232002DFE01 /* Tag_ID3V2.mm */; };
		F76021FE1995EEA6002DFE01 /* Tag_XIPHComment.mm in Sources */ = {isa = PBXBuildFile; fileRef = F76021FD1995EEA6002DFE01 /* Tag_XIPHComment.mm */; };
		F7602201199656BA002DFE01 /* Tag_FileTypeResolver.mm in Sources */ = {isa = PBXBuildFile; fileRef = F7602200199656BA002DFE01 /* Tag_FileTypeResolver.mm */; };
		F760220A1999CFED002DFE01 /* TableViewActionOutlet.m in Sources */ = {isa = PBXBuildFile; fileRef = F76022091999CFED002DFE01 /* TableViewActionOutlet.m */; };
		F76022101999DB22002DFE01 /* TagTableView.m in Sources */ = {isa = PBXBuildFile; fileRef = F760220F1999DB22002DFE01 /* TagTableView.m */; };
		F7602213199B2519002DFE01 /* Tag_ID3V1.mm in Sources */ = {isa = PBXBuildFile; fileRef = F7602212199B2519002DFE01 /* Tag_ID3V1.mm */; };
		F7602216199B303E002DFE01 /* Tag_Info.mm in Sources */ = {isa = PBXBuildFile; fileRef = F7602215199B303E002DFE01 /* Tag_Info.mm */; };
		F76D68931986166700DB2E41 /* libz.dylib in Frameworks */ = {isa = PBXBuildFile; fileRef = F76D68921986166700DB2E41 /* libz.dylib */; };
		F77F88ED1987D49C00B1B3CC /* Model.xcdatamodeld in Sources */ = {isa = PBXBuildFile; fileRef = F77F88EB1987D49C00B1B3CC /* Model.xcdatamodeld */; };
		F79BCE1719889BB500CC5F02 /* TagEntity.m in Sources */ = {isa = PBXBuildFile; fileRef = F79BCE1619889BB500CC5F02 /* TagEntity.m */; };
		F79BCE1A1989FD5900CC5F02 /* iD3.plist in Resources */ = {isa = PBXBuildFile; fileRef = F79BCE191989FD5900CC5F02 /* iD3.plist */; };
		F79BCE20198A7F5F00CC5F02 /* EncodingEntity.m in Sources */ = {isa = PBXBuildFile; fileRef = F79BCE1F198A7F5F00CC5F02 /* EncodingEntity.m */; };
		F79BCE24198A865900CC5F02 /* NSString_Filename.m in Sources */ = {isa = PBXBuildFile; fileRef = F79BCE23198A865900CC5F02 /* NSString_Filename.m */; };
		F79BCE28198D200C00CC5F02 /* TagEntity_Encoding.m in Sources */ = {isa = PBXBuildFile; fileRef = F79BCE27198D200C00CC5F02 /* TagEntity_Encoding.m */; };
		F79BCE2E198DF84200CC5F02 /* EncodingWindowDelegate.m in Sources */ = {isa = PBXBuildFile; fileRef = F79BCE2D198DF84200CC5F02 /* EncodingWindowDelegate.m */; };
		F79BCE31198DF87F00CC5F02 /* TagAndFileNameWindowDelegate.m in Sources */ = {isa = PBXBuildFile; fileRef = F79BCE30198DF87F00CC5F02 /* TagAndFileNameWindowDelegate.m */; };
		F79BCE35198E74B300CC5F02 /* TagEntity_Filename.m in Sources */ = {isa = PBXBuildFile; fileRef = F79BCE34198E74B300CC5F02 /* TagEntity_Filename.m */; };
		F79BCE44198FBFBC00CC5F02 /* FilenameValueTransform.m in Sources */ = {isa = PBXBuildFile; fileRef = F79BCE43198FBFBC00CC5F02 /* FilenameValueTransform.m */; };
		F79BCE4819907ABE00CC5F02 /* NSArray_KVO.m in Sources */ = {isa = PBXBuildFile; fileRef = F79BCE4719907ABE00CC5F02 /* NSArray_KVO.m */; };
		F7E994E71983418000DDE9B4 /* Cocoa.framework in Frameworks */ = {isa = PBXBuildFile; fileRef = F7E994E61983418000DDE9B4 /* Cocoa.framework */; };
		F7E994F11983418000DDE9B4 /* InfoPlist.strings in Resources */ = {isa = PBXBuildFile; fileRef = F7E994EF1983418000DDE9B4 /* InfoPlist.strings */; };
		F7E994F31983418000DDE9B4 /* main.m in Sources */ = {isa = PBXBuildFile; fileRef = F7E994F21983418000DDE9B4 /* main.m */; };
		F7E994F71983418000DDE9B4 /* Credits.rtf in Resources */ = {isa = PBXBuildFile; fileRef = F7E994F51983418000DDE9B4 /* Credits.rtf */; };
		F7E994FA1983418000DDE9B4 /* AppDelegate.m in Sources */ = {isa = PBXBuildFile; fileRef = F7E994F91983418000DDE9B4 /* AppDelegate.m */; };
		F7E994FD1983418000DDE9B4 /* MainMenu.xib in Resources */ = {isa = PBXBuildFile; fileRef = F7E994FB1983418000DDE9B4 /* MainMenu.xib */; };
		F7E994FF1983418000DDE9B4 /* Images.xcassets in Resources */ = {isa = PBXBuildFile; fileRef = F7E994FE1983418000DDE9B4 /* Images.xcassets */; };
		F7E995061983418000DDE9B4 /* XCTest.framework in Frameworks */ = {isa = PBXBuildFile; fileRef = F7E995051983418000DDE9B4 /* XCTest.framework */; };
		F7E995071983418000DDE9B4 /* Cocoa.framework in Frameworks */ = {isa = PBXBuildFile; fileRef = F7E994E61983418000DDE9B4 /* Cocoa.framework */; };
		F7E9950F1983418000DDE9B4 /* InfoPlist.strings in Resources */ = {isa = PBXBuildFile; fileRef = F7E9950D1983418000DDE9B4 /* InfoPlist.strings */; };
		F7E995111983418000DDE9B4 /* iD3Tests.mm in Sources */ = {isa = PBXBuildFile; fileRef = F7E995101983418000DDE9B4 /* iD3Tests.mm */; };
		F7E9951C19853C6300DDE9B4 /* libtag.a in Frameworks */ = {isa = PBXBuildFile; fileRef = F7E9951B19853C6300DDE9B4 /* libtag.a */; };
		F7E9951F198543A200DDE9B4 /* Tag.mm in Sources */ = {isa = PBXBuildFile; fileRef = F7E9951E198543A200DDE9B4 /* Tag.mm */; };
		F7E9952A198593D300DDE9B4 /* NSString_TLString.mm in Sources */ = {isa = PBXBuildFile; fileRef = F7E99529198593D300DDE9B4 /* NSString_TLString.mm */; };
		F7FB46C11992742400C72AFF /* NullValueTransform.m in Sources */ = {isa = PBXBuildFile; fileRef = F7FB46C01992742400C72AFF /* NullValueTransform.m */; };
		F7FB46C4199330A300C72AFF /* TagFilename.pdf in Resources */ = {isa = PBXBuildFile; fileRef = F7FB46C3199330A300C72AFF /* TagFilename.pdf */; };
		F7FB46D8199334ED00C72AFF /* AddFile.pdf in Resources */ = {isa = PBXBuildFile; fileRef = F7FB46D7199334ED00C72AFF /* AddFile.pdf */; };
		F7FB46DC199335F400C72AFF /* TagFix.pdf in Resources */ = {isa = PBXBuildFile; fileRef = F7FB46DB199335F400C72AFF /* TagFix.pdf */; };
		F7FB46DE1993362F00C72AFF /* Clear.pdf in Resources */ = {isa = PBXBuildFile; fileRef = F7FB46DD1993362F00C72AFF /* Clear.pdf */; };
		F7FB46E01993C11A00C72AFF /* iD3Help in Resources */ = {isa = PBXBuildFile; fileRef = F7FB46DF1993C11A00C72AFF /* iD3Help */; };
/* End PBXBuildFile section */

/* Begin PBXContainerItemProxy section */
		F7E995081983418000DDE9B4 /* PBXContainerItemProxy */ = {
			isa = PBXContainerItemProxy;
			containerPortal = F7E994DB1983418000DDE9B4 /* Project object */;
			proxyType = 1;
			remoteGlobalIDString = F7E994E21983418000DDE9B4;
			remoteInfo = iD3;
		};
/* End PBXContainerItemProxy section */

/* Begin PBXFileReference section */
		F7005C67199DAA4900197432 /* TabViewDelegate.h */ = {isa = PBXFileReference; fileEncoding = 4; lastKnownFileType = sourcecode.c.h; path = TabViewDelegate.h; sourceTree = "<group>"; };
		F7005C68199DAA4900197432 /* TabViewDelegate.m */ = {isa = PBXFileReference; fileEncoding = 4; lastKnownFileType = sourcecode.c.objc; path = TabViewDelegate.m; sourceTree = "<group>"; };
		F76021F61995D0E9002DFE01 /* Tag_APE.h */ = {isa = PBXFileReference; fileEncoding = 4; lastKnownFileType = sourcecode.c.h; path = Tag_APE.h; sourceTree = "<group>"; };
		F76021F71995D0E9002DFE01 /* Tag_APE.mm */ = {isa = PBXFileReference; fileEncoding = 4; lastKnownFileType = sourcecode.cpp.objcpp; path = Tag_APE.mm; sourceTree = "<group>"; };
		F76021F91995D232002DFE01 /* Tag_ID3V2.h */ = {isa = PBXFileReference; fileEncoding = 4; lastKnownFileType = sourcecode.c.h; path = Tag_ID3V2.h; sourceTree = "<group>"; };
		F76021FA1995D232002DFE01 /* Tag_ID3V2.mm */ = {isa = PBXFileReference; fileEncoding = 4; lastKnownFileType = sourcecode.cpp.objcpp; path = Tag_ID3V2.mm; sourceTree = "<group>"; };
		F76021FC1995EEA6002DFE01 /* Tag_XIPHComment.h */ = {isa = PBXFileReference; fileEncoding = 4; lastKnownFileType = sourcecode.c.h; path = Tag_XIPHComment.h; sourceTree = "<group>"; };
		F76021FD1995EEA6002DFE01 /* Tag_XIPHComment.mm */ = {isa = PBXFileReference; fileEncoding = 4; lastKnownFileType = sourcecode.cpp.objcpp; path = Tag_XIPHComment.mm; sourceTree = "<group>"; };
		F76021FF199656BA002DFE01 /* Tag_FileTypeResolver.h */ = {isa = PBXFileReference; fileEncoding = 4; lastKnownFileType = sourcecode.c.h; path = Tag_FileTypeResolver.h; sourceTree = "<group>"; };
		F7602200199656BA002DFE01 /* Tag_FileTypeResolver.mm */ = {isa = PBXFileReference; fileEncoding = 4; lastKnownFileType = sourcecode.cpp.objcpp; path = Tag_FileTypeResolver.mm; sourceTree = "<group>"; };
		F76022081999CFED002DFE01 /* TableViewActionOutlet.h */ = {isa = PBXFileReference; fileEncoding = 4; lastKnownFileType = sourcecode.c.h; path = TableViewActionOutlet.h; sourceTree = "<group>"; };
		F76022091999CFED002DFE01 /* TableViewActionOutlet.m */ = {isa = PBXFileReference; fileEncoding = 4; lastKnownFileType = sourcecode.c.objc; path = TableViewActionOutlet.m; sourceTree = "<group>"; };
		F760220E1999DB22002DFE01 /* TagTableView.h */ = {isa = PBXFileReference; fileEncoding = 4; lastKnownFileType = sourcecode.c.h; path = TagTableView.h; sourceTree = "<group>"; };
		F760220F1999DB22002DFE01 /* TagTableView.m */ = {isa = PBXFileReference; fileEncoding = 4; lastKnownFileType = sourcecode.c.objc; path = TagTableView.m; sourceTree = "<group>"; };
		F7602211199B2519002DFE01 /* Tag_ID3V1.h */ = {isa = PBXFileReference; fileEncoding = 4; lastKnownFileType = sourcecode.c.h; path = Tag_ID3V1.h; sourceTree = "<group>"; };
		F7602212199B2519002DFE01 /* Tag_ID3V1.mm */ = {isa = PBXFileReference; fileEncoding = 4; lastKnownFileType = sourcecode.cpp.objcpp; path = Tag_ID3V1.mm; sourceTree = "<group>"; };
		F7602214199B303E002DFE01 /* Tag_Info.h */ = {isa = PBXFileReference; fileEncoding = 4; lastKnownFileType = sourcecode.c.h; path = Tag_Info.h; sourceTree = "<group>"; };
		F7602215199B303E002DFE01 /* Tag_Info.mm */ = {isa = PBXFileReference; fileEncoding = 4; lastKnownFileType = sourcecode.cpp.objcpp; path = Tag_Info.mm; sourceTree = "<group>"; };
		F76D68921986166700DB2E41 /* libz.dylib */ = {isa = PBXFileReference; lastKnownFileType = "compiled.mach-o.dylib"; name = libz.dylib; path = usr/lib/libz.dylib; sourceTree = SDKROOT; };
		F77F88A11987433900B1B3CC /* iD3.entitlements */ = {isa = PBXFileReference; lastKnownFileType = text.xml; path = iD3.entitlements; sourceTree = "<group>"; };
		F77F88EC1987D49C00B1B3CC /* Model.xcdatamodel */ = {isa = PBXFileReference; lastKnownFileType = wrapper.xcdatamodel; path = Model.xcdatamodel; sourceTree = "<group>"; };
		F79BCE1519889BB500CC5F02 /* TagEntity.h */ = {isa = PBXFileReference; fileEncoding = 4; lastKnownFileType = sourcecode.c.h; name = TagEntity.h; path = DataModel/TagEntity.h; sourceTree = "<group>"; };
		F79BCE1619889BB500CC5F02 /* TagEntity.m */ = {isa = PBXFileReference; fileEncoding = 4; lastKnownFileType = sourcecode.c.objc; name = TagEntity.m; path = DataModel/TagEntity.m; sourceTree = "<group>"; };
		F79BCE191989FD5900CC5F02 /* iD3.plist */ = {isa = PBXFileReference; fileEncoding = 4; lastKnownFileType = text.plist.xml; path = iD3.plist; sourceTree = "<group>"; };
		F79BCE1E198A7F5F00CC5F02 /* EncodingEntity.h */ = {isa = PBXFileReference; fileEncoding = 4; lastKnownFileType = sourcecode.c.h; name = EncodingEntity.h; path = DataModel/EncodingEntity.h; sourceTree = "<group>"; };
		F79BCE1F198A7F5F00CC5F02 /* EncodingEntity.m */ = {isa = PBXFileReference; fileEncoding = 4; lastKnownFileType = sourcecode.c.objc; name = EncodingEntity.m; path = DataModel/EncodingEntity.m; sourceTree = "<group>"; };
		F79BCE22198A865900CC5F02 /* NSString_Filename.h */ = {isa = PBXFileReference; fileEncoding = 4; lastKnownFileType = sourcecode.c.h; name = NSString_Filename.h; path = Taglib/NSString_Filename.h; sourceTree = "<group>"; };
		F79BCE23198A865900CC5F02 /* NSString_Filename.m */ = {isa = PBXFileReference; fileEncoding = 4; lastKnownFileType = sourcecode.c.objc; name = NSString_Filename.m; path = Taglib/NSString_Filename.m; sourceTree = "<group>"; };
		F79BCE26198D200C00CC5F02 /* TagEntity_Encoding.h */ = {isa = PBXFileReference; fileEncoding = 4; lastKnownFileType = sourcecode.c.h; name = TagEntity_Encoding.h; path = DataModel/TagEntity_Encoding.h; sourceTree = "<group>"; };
		F79BCE27198D200C00CC5F02 /* TagEntity_Encoding.m */ = {isa = PBXFileReference; fileEncoding = 4; lastKnownFileType = sourcecode.c.objc; name = TagEntity_Encoding.m; path = DataModel/TagEntity_Encoding.m; sourceTree = "<group>"; };
		F79BCE2C198DF84200CC5F02 /* EncodingWindowDelegate.h */ = {isa = PBXFileReference; fileEncoding = 4; lastKnownFileType = sourcecode.c.h; path = EncodingWindowDelegate.h; sourceTree = "<group>"; };
		F79BCE2D198DF84200CC5F02 /* EncodingWindowDelegate.m */ = {isa = PBXFileReference; fileEncoding = 4; lastKnownFileType = sourcecode.c.objc; path = EncodingWindowDelegate.m; sourceTree = "<group>"; };
		F79BCE2F198DF87F00CC5F02 /* TagAndFileNameWindowDelegate.h */ = {isa = PBXFileReference; fileEncoding = 4; lastKnownFileType = sourcecode.c.h; path = TagAndFileNameWindowDelegate.h; sourceTree = "<group>"; };
		F79BCE30198DF87F00CC5F02 /* TagAndFileNameWindowDelegate.m */ = {isa = PBXFileReference; fileEncoding = 4; lastKnownFileType = sourcecode.c.objc; path = TagAndFileNameWindowDelegate.m; sourceTree = "<group>"; };
		F79BCE33198E74B300CC5F02 /* TagEntity_Filename.h */ = {isa = PBXFileReference; fileEncoding = 4; lastKnownFileType = sourcecode.c.h; name = TagEntity_Filename.h; path = DataModel/TagEntity_Filename.h; sourceTree = "<group>"; };
		F79BCE34198E74B300CC5F02 /* TagEntity_Filename.m */ = {isa = PBXFileReference; fileEncoding = 4; lastKnownFileType = sourcecode.c.objc; name = TagEntity_Filename.m; path = DataModel/TagEntity_Filename.m; sourceTree = "<group>"; };
		F79BCE42198FBFBC00CC5F02 /* FilenameValueTransform.h */ = {isa = PBXFileReference; fileEncoding = 4; lastKnownFileType = sourcecode.c.h; name = FilenameValueTransform.h; path = DataModel/FilenameValueTransform.h; sourceTree = "<group>"; };
		F79BCE43198FBFBC00CC5F02 /* FilenameValueTransform.m */ = {isa = PBXFileReference; fileEncoding = 4; lastKnownFileType = sourcecode.c.objc; name = FilenameValueTransform.m; path = DataModel/FilenameValueTransform.m; sourceTree = "<group>"; };
		F79BCE4619907ABE00CC5F02 /* NSArray_KVO.h */ = {isa = PBXFileReference; fileEncoding = 4; lastKnownFileType = sourcecode.c.h; name = NSArray_KVO.h; path = Taglib/NSArray_KVO.h; sourceTree = "<group>"; };
		F79BCE4719907ABE00CC5F02 /* NSArray_KVO.m */ = {isa = PBXFileReference; fileEncoding = 4; lastKnownFileType = sourcecode.c.objc; name = NSArray_KVO.m; path = Taglib/NSArray_KVO.m; sourceTree = "<group>"; };
		F7E994E31983418000DDE9B4 /* iD3.app */ = {isa = PBXFileReference; explicitFileType = wrapper.application; includeInIndex = 0; path = iD3.app; sourceTree = BUILT_PRODUCTS_DIR; };
		F7E994E61983418000DDE9B4 /* Cocoa.framework */ = {isa = PBXFileReference; lastKnownFileType = wrapper.framework; name = Cocoa.framework; path = System/Library/Frameworks/Cocoa.framework; sourceTree = SDKROOT; };
		F7E994E91983418000DDE9B4 /* AppKit.framework */ = {isa = PBXFileReference; lastKnownFileType = wrapper.framework; name = AppKit.framework; path = System/Library/Frameworks/AppKit.framework; sourceTree = SDKROOT; };
		F7E994EA1983418000DDE9B4 /* CoreData.framework */ = {isa = PBXFileReference; lastKnownFileType = wrapper.framework; name = CoreData.framework; path = System/Library/Frameworks/CoreData.framework; sourceTree = SDKROOT; };
		F7E994EB1983418000DDE9B4 /* Foundation.framework */ = {isa = PBXFileReference; lastKnownFileType = wrapper.framework; name = Foundation.framework; path = System/Library/Frameworks/Foundation.framework; sourceTree = SDKROOT; };
		F7E994EE1983418000DDE9B4 /* iD3-Info.plist */ = {isa = PBXFileReference; lastKnownFileType = text.plist.xml; path = "iD3-Info.plist"; sourceTree = "<group>"; };
		F7E994F01983418000DDE9B4 /* en */ = {isa = PBXFileReference; lastKnownFileType = text.plist.strings; name = en; path = en.lproj/InfoPlist.strings; sourceTree = "<group>"; };
		F7E994F21983418000DDE9B4 /* main.m */ = {isa = PBXFileReference; lastKnownFileType = sourcecode.c.objc; path = main.m; sourceTree = "<group>"; };
		F7E994F41983418000DDE9B4 /* iD3-Prefix.pch */ = {isa = PBXFileReference; lastKnownFileType = sourcecode.c.h; path = "iD3-Prefix.pch"; sourceTree = "<group>"; };
		F7E994F61983418000DDE9B4 /* en */ = {isa = PBXFileReference; lastKnownFileType = text.rtf; name = en; path = en.lproj/Credits.rtf; sourceTree = "<group>"; };
		F7E994F81983418000DDE9B4 /* AppDelegate.h */ = {isa = PBXFileReference; lastKnownFileType = sourcecode.c.h; path = AppDelegate.h; sourceTree = "<group>"; };
		F7E994F91983418000DDE9B4 /* AppDelegate.m */ = {isa = PBXFileReference; lastKnownFileType = sourcecode.c.objc; path = AppDelegate.m; sourceTree = "<group>"; };
		F7E994FC1983418000DDE9B4 /* Base */ = {isa = PBXFileReference; lastKnownFileType = file.xib; name = Base; path = Base.lproj/MainMenu.xib; sourceTree = "<group>"; };
		F7E994FE1983418000DDE9B4 /* Images.xcassets */ = {isa = PBXFileReference; lastKnownFileType = folder.assetcatalog; path = Images.xcassets; sourceTree = "<group>"; };
		F7E995041983418000DDE9B4 /* iD3Tests.xctest */ = {isa = PBXFileReference; explicitFileType = wrapper.cfbundle; includeInIndex = 0; path = iD3Tests.xctest; sourceTree = BUILT_PRODUCTS_DIR; };
		F7E995051983418000DDE9B4 /* XCTest.framework */ = {isa = PBXFileReference; lastKnownFileType = wrapper.framework; name = XCTest.framework; path = Library/Frameworks/XCTest.framework; sourceTree = DEVELOPER_DIR; };
		F7E9950C1983418000DDE9B4 /* iD3Tests-Info.plist */ = {isa = PBXFileReference; lastKnownFileType = text.plist.xml; path = "iD3Tests-Info.plist"; sourceTree = "<group>"; };
		F7E9950E1983418000DDE9B4 /* en */ = {isa = PBXFileReference; lastKnownFileType = text.plist.strings; name = en; path = en.lproj/InfoPlist.strings; sourceTree = "<group>"; };
		F7E995101983418000DDE9B4 /* iD3Tests.mm */ = {isa = PBXFileReference; lastKnownFileType = sourcecode.cpp.objcpp; path = iD3Tests.mm; sourceTree = "<group>"; };
		F7E9951B19853C6300DDE9B4 /* libtag.a */ = {isa = PBXFileReference; lastKnownFileType = archive.ar; name = libtag.a; path = ../../taglib/lib/libtag.a; sourceTree = "<group>"; };
		F7E9951D198543A200DDE9B4 /* Tag.h */ = {isa = PBXFileReference; fileEncoding = 4; lastKnownFileType = sourcecode.c.h; name = Tag.h; path = Taglib/Tag.h; sourceTree = "<group>"; };
		F7E9951E198543A200DDE9B4 /* Tag.mm */ = {isa = PBXFileReference; fileEncoding = 4; lastKnownFileType = sourcecode.cpp.objcpp; name = Tag.mm; path = Taglib/Tag.mm; sourceTree = "<group>"; };
		F7E99528198593D300DDE9B4 /* NSString_TLString.h */ = {isa = PBXFileReference; fileEncoding = 4; lastKnownFileType = sourcecode.c.h; name = NSString_TLString.h; path = Taglib/NSString_TLString.h; sourceTree = "<group>"; };
		F7E99529198593D300DDE9B4 /* NSString_TLString.mm */ = {isa = PBXFileReference; fileEncoding = 4; lastKnownFileType = sourcecode.cpp.objcpp; name = NSString_TLString.mm; path = Taglib/NSString_TLString.mm; sourceTree = "<group>"; };
		F7FB46BF1992742400C72AFF /* NullValueTransform.h */ = {isa = PBXFileReference; fileEncoding = 4; lastKnownFileType = sourcecode.c.h; name = NullValueTransform.h; path = DataModel/NullValueTransform.h; sourceTree = "<group>"; };
		F7FB46C01992742400C72AFF /* NullValueTransform.m */ = {isa = PBXFileReference; fileEncoding = 4; lastKnownFileType = sourcecode.c.objc; name = NullValueTransform.m; path = DataModel/NullValueTransform.m; sourceTree = "<group>"; };
		F7FB46C3199330A300C72AFF /* TagFilename.pdf */ = {isa = PBXFileReference; lastKnownFileType = image.pdf; path = TagFilename.pdf; sourceTree = "<group>"; };
		F7FB46D7199334ED00C72AFF /* AddFile.pdf */ = {isa = PBXFileReference; lastKnownFileType = image.pdf; path = AddFile.pdf; sourceTree = "<group>"; };
		F7FB46DB199335F400C72AFF /* TagFix.pdf */ = {isa = PBXFileReference; lastKnownFileType = image.pdf; path = TagFix.pdf; sourceTree = "<group>"; };
		F7FB46DD1993362F00C72AFF /* Clear.pdf */ = {isa = PBXFileReference; lastKnownFileType = image.pdf; path = Clear.pdf; sourceTree = "<group>"; };
		F7FB46DF1993C11A00C72AFF /* iD3Help */ = {isa = PBXFileReference; lastKnownFileType = folder; path = iD3Help; sourceTree = "<group>"; };
/* End PBXFileReference section */

/* Begin PBXFrameworksBuildPhase section */
		F7E994E01983418000DDE9B4 /* Frameworks */ = {
			isa = PBXFrameworksBuildPhase;
			buildActionMask = 2147483647;
			files = (
				F76D68931986166700DB2E41 /* libz.dylib in Frameworks */,
				F7E9951C19853C6300DDE9B4 /* libtag.a in Frameworks */,
				F7E994E71983418000DDE9B4 /* Cocoa.framework in Frameworks */,
			);
			runOnlyForDeploymentPostprocessing = 0;
		};
		F7E995011983418000DDE9B4 /* Frameworks */ = {
			isa = PBXFrameworksBuildPhase;
			buildActionMask = 2147483647;
			files = (
				F7E995071983418000DDE9B4 /* Cocoa.framework in Frameworks */,
				F7E995061983418000DDE9B4 /* XCTest.framework in Frameworks */,
			);
			runOnlyForDeploymentPostprocessing = 0;
		};
/* End PBXFrameworksBuildPhase section */

/* Begin PBXGroup section */
		F77F88EA1987D47A00B1B3CC /* DataModel */ = {
			isa = PBXGroup;
			children = (
				F79BCE1E198A7F5F00CC5F02 /* EncodingEntity.h */,
				F79BCE1F198A7F5F00CC5F02 /* EncodingEntity.m */,
				F79BCE1519889BB500CC5F02 /* TagEntity.h */,
				F79BCE1619889BB500CC5F02 /* TagEntity.m */,
				F79BCE26198D200C00CC5F02 /* TagEntity_Encoding.h */,
				F79BCE27198D200C00CC5F02 /* TagEntity_Encoding.m */,
				F79BCE33198E74B300CC5F02 /* TagEntity_Filename.h */,
				F79BCE34198E74B300CC5F02 /* TagEntity_Filename.m */,
				F79BCE42198FBFBC00CC5F02 /* FilenameValueTransform.h */,
				F79BCE43198FBFBC00CC5F02 /* FilenameValueTransform.m */,
				F7FB46BF1992742400C72AFF /* NullValueTransform.h */,
				F7FB46C01992742400C72AFF /* NullValueTransform.m */,
				F77F88EB1987D49C00B1B3CC /* Model.xcdatamodeld */,
			);
			name = DataModel;
			sourceTree = "<group>";
		};
		F79BCE18198928A500CC5F02 /* NSString */ = {
			isa = PBXGroup;
			children = (
				F7E99528198593D300DDE9B4 /* NSString_TLString.h */,
				F7E99529198593D300DDE9B4 /* NSString_TLString.mm */,
				F79BCE22198A865900CC5F02 /* NSString_Filename.h */,
				F79BCE23198A865900CC5F02 /* NSString_Filename.m */,
			);
			name = NSString;
			sourceTree = "<group>";
		};
		F79BCE32198DF89100CC5F02 /* Window Delegates */ = {
			isa = PBXGroup;
			children = (
				F79BCE2C198DF84200CC5F02 /* EncodingWindowDelegate.h */,
				F79BCE2D198DF84200CC5F02 /* EncodingWindowDelegate.m */,
				F79BCE2F198DF87F00CC5F02 /* TagAndFileNameWindowDelegate.h */,
				F79BCE30198DF87F00CC5F02 /* TagAndFileNameWindowDelegate.m */,
				F76022081999CFED002DFE01 /* TableViewActionOutlet.h */,
				F76022091999CFED002DFE01 /* TableViewActionOutlet.m */,
				F7005C67199DAA4900197432 /* TabViewDelegate.h */,
				F7005C68199DAA4900197432 /* TabViewDelegate.m */,
			);
			name = "Window Delegates";
			sourceTree = "<group>";
		};
		F79BCE4519907A7400CC5F02 /* NSExtension */ = {
			isa = PBXGroup;
			children = (
				F79BCE4619907ABE00CC5F02 /* NSArray_KVO.h */,
				F79BCE4719907ABE00CC5F02 /* NSArray_KVO.m */,
			);
			name = NSExtension;
			sourceTree = "<group>";
		};
		F7E994DA1983418000DDE9B4 = {
			isa = PBXGroup;
			children = (
				F7FB46C21993309100C72AFF /* Resources */,
				F79BCE4519907A7400CC5F02 /* NSExtension */,
				F79BCE18198928A500CC5F02 /* NSString */,
				F77F88EA1987D47A00B1B3CC /* DataModel */,
				F7E9951A19853C1500DDE9B4 /* Taglib */,
				F7E994EC1983418000DDE9B4 /* iD3 */,
				F7E9950A1983418000DDE9B4 /* iD3Tests */,
				F7E994E51983418000DDE9B4 /* Frameworks */,
				F7E994E41983418000DDE9B4 /* Products */,
			);
			sourceTree = "<group>";
		};
		F7E994E41983418000DDE9B4 /* Products */ = {
			isa = PBXGroup;
			children = (
				F7E994E31983418000DDE9B4 /* iD3.app */,
				F7E995041983418000DDE9B4 /* iD3Tests.xctest */,
			);
			name = Products;
			sourceTree = "<group>";
		};
		F7E994E51983418000DDE9B4 /* Frameworks */ = {
			isa = PBXGroup;
			children = (
				F76D68921986166700DB2E41 /* libz.dylib */,
				F7E9951B19853C6300DDE9B4 /* libtag.a */,
				F7E994E61983418000DDE9B4 /* Cocoa.framework */,
				F7E995051983418000DDE9B4 /* XCTest.framework */,
				F7E994E81983418000DDE9B4 /* Other Frameworks */,
			);
			name = Frameworks;
			sourceTree = "<group>";
		};
		F7E994E81983418000DDE9B4 /* Other Frameworks */ = {
			isa = PBXGroup;
			children = (
				F7E994E91983418000DDE9B4 /* AppKit.framework */,
				F7E994EA1983418000DDE9B4 /* CoreData.framework */,
				F7E994EB1983418000DDE9B4 /* Foundation.framework */,
			);
			name = "Other Frameworks";
			sourceTree = "<group>";
		};
		F7E994EC1983418000DDE9B4 /* iD3 */ = {
			isa = PBXGroup;
			children = (
				F79BCE32198DF89100CC5F02 /* Window Delegates */,
				F77F88A11987433900B1B3CC /* iD3.entitlements */,
				F79BCE191989FD5900CC5F02 /* iD3.plist */,
				F7E994FB1983418000DDE9B4 /* MainMenu.xib */,
				F7E994F81983418000DDE9B4 /* AppDelegate.h */,
				F7E994F91983418000DDE9B4 /* AppDelegate.m */,
				F760220E1999DB22002DFE01 /* TagTableView.h */,
				F760220F1999DB22002DFE01 /* TagTableView.m */,
				F7E994FE1983418000DDE9B4 /* Images.xcassets */,
				F7E994ED1983418000DDE9B4 /* Supporting Files */,
			);
			path = iD3;
			sourceTree = "<group>";
		};
		F7E994ED1983418000DDE9B4 /* Supporting Files */ = {
			isa = PBXGroup;
			children = (
				F7E994EE1983418000DDE9B4 /* iD3-Info.plist */,
				F7E994EF1983418000DDE9B4 /* InfoPlist.strings */,
				F7E994F21983418000DDE9B4 /* main.m */,
				F7E994F41983418000DDE9B4 /* iD3-Prefix.pch */,
				F7E994F51983418000DDE9B4 /* Credits.rtf */,
			);
			name = "Supporting Files";
			sourceTree = "<group>";
		};
		F7E9950A1983418000DDE9B4 /* iD3Tests */ = {
			isa = PBXGroup;
			children = (
				F7E995101983418000DDE9B4 /* iD3Tests.mm */,
				F7E9950B1983418000DDE9B4 /* Supporting Files */,
			);
			path = iD3Tests;
			sourceTree = "<group>";
		};
		F7E9950B1983418000DDE9B4 /* Supporting Files */ = {
			isa = PBXGroup;
			children = (
				F7E9950C1983418000DDE9B4 /* iD3Tests-Info.plist */,
				F7E9950D1983418000DDE9B4 /* InfoPlist.strings */,
			);
			name = "Supporting Files";
			sourceTree = "<group>";
		};
		F7E9951A19853C1500DDE9B4 /* Taglib */ = {
			isa = PBXGroup;
			children = (
				F7E9951D198543A200DDE9B4 /* Tag.h */,
				F7E9951E198543A200DDE9B4 /* Tag.mm */,
				F76021F61995D0E9002DFE01 /* Tag_APE.h */,
				F76021F71995D0E9002DFE01 /* Tag_APE.mm */,
				F7602214199B303E002DFE01 /* Tag_Info.h */,
				F7602215199B303E002DFE01 /* Tag_Info.mm */,
				F7602211199B2519002DFE01 /* Tag_ID3V1.h */,
				F7602212199B2519002DFE01 /* Tag_ID3V1.mm */,
				F76021F91995D232002DFE01 /* Tag_ID3V2.h */,
				F76021FA1995D232002DFE01 /* Tag_ID3V2.mm */,
				F76021FC1995EEA6002DFE01 /* Tag_XIPHComment.h */,
				F76021FD1995EEA6002DFE01 /* Tag_XIPHComment.mm */,
				F76021FF199656BA002DFE01 /* Tag_FileTypeResolver.h */,
				F7602200199656BA002DFE01 /* Tag_FileTypeResolver.mm */,
			);
			name = Taglib;
			sourceTree = "<group>";
		};
		F7FB46C21993309100C72AFF /* Resources */ = {
			isa = PBXGroup;
			children = (
				F7FB46DF1993C11A00C72AFF /* iD3Help */,
				F7FB46DD1993362F00C72AFF /* Clear.pdf */,
				F7FB46DB199335F400C72AFF /* TagFix.pdf */,
				F7FB46D7199334ED00C72AFF /* AddFile.pdf */,
				F7FB46C3199330A300C72AFF /* TagFilename.pdf */,
			);
			name = Resources;
			sourceTree = "<group>";
		};
/* End PBXGroup section */

/* Begin PBXNativeTarget section */
		F7E994E21983418000DDE9B4 /* iD3 */ = {
			isa = PBXNativeTarget;
			buildConfigurationList = F7E995141983418000DDE9B4 /* Build configuration list for PBXNativeTarget "iD3" */;
			buildPhases = (
				F7E994DF1983418000DDE9B4 /* Sources */,
				F7E994E01983418000DDE9B4 /* Frameworks */,
				F7E994E11983418000DDE9B4 /* Resources */,
			);
			buildRules = (
			);
			dependencies = (
			);
			name = iD3;
			productName = iD3;
			productReference = F7E994E31983418000DDE9B4 /* iD3.app */;
			productType = "com.apple.product-type.application";
		};
		F7E995031983418000DDE9B4 /* iD3Tests */ = {
			isa = PBXNativeTarget;
			buildConfigurationList = F7E995171983418000DDE9B4 /* Build configuration list for PBXNativeTarget "iD3Tests" */;
			buildPhases = (
				F7E995001983418000DDE9B4 /* Sources */,
				F7E995011983418000DDE9B4 /* Frameworks */,
				F7E995021983418000DDE9B4 /* Resources */,
			);
			buildRules = (
			);
			dependencies = (
				F7E995091983418000DDE9B4 /* PBXTargetDependency */,
			);
			name = iD3Tests;
			productName = iD3Tests;
			productReference = F7E995041983418000DDE9B4 /* iD3Tests.xctest */;
			productType = "com.apple.product-type.bundle.unit-test";
		};
/* End PBXNativeTarget section */

/* Begin PBXProject section */
		F7E994DB1983418000DDE9B4 /* Project object */ = {
			isa = PBXProject;
			attributes = {
				LastUpgradeCheck = 0510;
				ORGANIZATIONNAME = xbox.com;
				TargetAttributes = {
					F7E994E21983418000DDE9B4 = {
						SystemCapabilities = {
							com.apple.Sandbox = {
								enabled = 1;
							};
						};
					};
					F7E995031983418000DDE9B4 = {
						TestTargetID = F7E994E21983418000DDE9B4;
					};
				};
			};
			buildConfigurationList = F7E994DE1983418000DDE9B4 /* Build configuration list for PBXProject "iD3" */;
			compatibilityVersion = "Xcode 3.2";
			developmentRegion = English;
			hasScannedForEncodings = 0;
			knownRegions = (
				en,
				Base,
			);
			mainGroup = F7E994DA1983418000DDE9B4;
			productRefGroup = F7E994E41983418000DDE9B4 /* Products */;
			projectDirPath = "";
			projectRoot = "";
			targets = (
				F7E994E21983418000DDE9B4 /* iD3 */,
				F7E995031983418000DDE9B4 /* iD3Tests */,
			);
		};
/* End PBXProject section */

/* Begin PBXResourcesBuildPhase section */
		F7E994E11983418000DDE9B4 /* Resources */ = {
			isa = PBXResourcesBuildPhase;
			buildActionMask = 2147483647;
			files = (
				F7FB46E01993C11A00C72AFF /* iD3Help in Resources */,
				F7FB46DE1993362F00C72AFF /* Clear.pdf in Resources */,
				F7E994F11983418000DDE9B4 /* InfoPlist.strings in Resources */,
				F7FB46C4199330A300C72AFF /* TagFilename.pdf in Resources */,
				F7FB46DC199335F400C72AFF /* TagFix.pdf in Resources */,
				F79BCE1A1989FD5900CC5F02 /* iD3.plist in Resources */,
				F7FB46D8199334ED00C72AFF /* AddFile.pdf in Resources */,
				F7E994FF1983418000DDE9B4 /* Images.xcassets in Resources */,
				F7E994F71983418000DDE9B4 /* Credits.rtf in Resources */,
				F7E994FD1983418000DDE9B4 /* MainMenu.xib in Resources */,
			);
			runOnlyForDeploymentPostprocessing = 0;
		};
		F7E995021983418000DDE9B4 /* Resources */ = {
			isa = PBXResourcesBuildPhase;
			buildActionMask = 2147483647;
			files = (
				F7E9950F1983418000DDE9B4 /* InfoPlist.strings in Resources */,
			);
			runOnlyForDeploymentPostprocessing = 0;
		};
/* End PBXResourcesBuildPhase section */

/* Begin PBXSourcesBuildPhase section */
		F7E994DF1983418000DDE9B4 /* Sources */ = {
			isa = PBXSourcesBuildPhase;
			buildActionMask = 2147483647;
			files = (
				F760220A1999CFED002DFE01 /* TableViewActionOutlet.m in Sources */,
				F7E9952A198593D300DDE9B4 /* NSString_TLString.mm in Sources */,
				F7E9951F198543A200DDE9B4 /* Tag.mm in Sources */,
				F79BCE28198D200C00CC5F02 /* TagEntity_Encoding.m in Sources */,
				F76021FE1995EEA6002DFE01 /* Tag_XIPHComment.mm in Sources */,
				F7E994FA1983418000DDE9B4 /* AppDelegate.m in Sources */,
				F76021FB1995D232002DFE01 /* Tag_ID3V2.mm in Sources */,
				F7602216199B303E002DFE01 /* Tag_Info.mm in Sources */,
				F77F88ED1987D49C00B1B3CC /* Model.xcdatamodeld in Sources */,
				F76021F81995D0E9002DFE01 /* Tag_APE.mm in Sources */,
				F76022101999DB22002DFE01 /* TagTableView.m in Sources */,
				F79BCE20198A7F5F00CC5F02 /* EncodingEntity.m in Sources */,
				F79BCE24198A865900CC5F02 /* NSString_Filename.m in Sources */,
				F7FB46C11992742400C72AFF /* NullValueTransform.m in Sources */,
				F79BCE31198DF87F00CC5F02 /* TagAndFileNameWindowDelegate.m in Sources */,
				F7602213199B2519002DFE01 /* Tag_ID3V1.mm in Sources */,
				F7602201199656BA002DFE01 /* Tag_FileTypeResolver.mm in Sources */,
				F7005C69199DAA4900197432 /* TabViewDelegate.m in Sources */,
				F79BCE35198E74B300CC5F02 /* TagEntity_Filename.m in Sources */,
				F79BCE4819907ABE00CC5F02 /* NSArray_KVO.m in Sources */,
				F7E994F31983418000DDE9B4 /* main.m in Sources */,
				F79BCE2E198DF84200CC5F02 /* EncodingWindowDelegate.m in Sources */,
				F79BCE1719889BB500CC5F02 /* TagEntity.m in Sources */,
				F79BCE44198FBFBC00CC5F02 /* FilenameValueTransform.m in Sources */,
			);
			runOnlyForDeploymentPostprocessing = 0;
		};
		F7E995001983418000DDE9B4 /* Sources */ = {
			isa = PBXSourcesBuildPhase;
			buildActionMask = 2147483647;
			files = (
				F7E995111983418000DDE9B4 /* iD3Tests.mm in Sources */,
			);
			runOnlyForDeploymentPostprocessing = 0;
		};
/* End PBXSourcesBuildPhase section */

/* Begin PBXTargetDependency section */
		F7E995091983418000DDE9B4 /* PBXTargetDependency */ = {
			isa = PBXTargetDependency;
			target = F7E994E21983418000DDE9B4 /* iD3 */;
			targetProxy = F7E995081983418000DDE9B4 /* PBXContainerItemProxy */;
		};
/* End PBXTargetDependency section */

/* Begin PBXVariantGroup section */
		F7E994EF1983418000DDE9B4 /* InfoPlist.strings */ = {
			isa = PBXVariantGroup;
			children = (
				F7E994F01983418000DDE9B4 /* en */,
			);
			name = InfoPlist.strings;
			sourceTree = "<group>";
		};
		F7E994F51983418000DDE9B4 /* Credits.rtf */ = {
			isa = PBXVariantGroup;
			children = (
				F7E994F61983418000DDE9B4 /* en */,
			);
			name = Credits.rtf;
			sourceTree = "<group>";
		};
		F7E994FB1983418000DDE9B4 /* MainMenu.xib */ = {
			isa = PBXVariantGroup;
			children = (
				F7E994FC1983418000DDE9B4 /* Base */,
			);
			name = MainMenu.xib;
			sourceTree = "<group>";
		};
		F7E9950D1983418000DDE9B4 /* InfoPlist.strings */ = {
			isa = PBXVariantGroup;
			children = (
				F7E9950E1983418000DDE9B4 /* en */,
			);
			name = InfoPlist.strings;
			sourceTree = "<group>";
		};
/* End PBXVariantGroup section */

/* Begin XCBuildConfiguration section */
		F7E995121983418000DDE9B4 /* Debug */ = {
			isa = XCBuildConfiguration;
			buildSettings = {
				ALWAYS_SEARCH_USER_PATHS = NO;
				CLANG_CXX_LANGUAGE_STANDARD = "gnu++0x";
				CLANG_CXX_LIBRARY = "libc++";
				CLANG_ENABLE_MODULES = YES;
				CLANG_ENABLE_OBJC_ARC = YES;
				CLANG_WARN_BOOL_CONVERSION = YES;
				CLANG_WARN_CONSTANT_CONVERSION = YES;
				CLANG_WARN_DIRECT_OBJC_ISA_USAGE = YES_ERROR;
				CLANG_WARN_EMPTY_BODY = YES;
				CLANG_WARN_ENUM_CONVERSION = YES;
				CLANG_WARN_INT_CONVERSION = YES;
				CLANG_WARN_OBJC_ROOT_CLASS = YES_ERROR;
				CLANG_WARN__DUPLICATE_METHOD_MATCH = YES;
				COPY_PHASE_STRIP = NO;
				GCC_C_LANGUAGE_STANDARD = gnu99;
				GCC_DYNAMIC_NO_PIC = NO;
				GCC_ENABLE_OBJC_EXCEPTIONS = YES;
				GCC_OPTIMIZATION_LEVEL = 0;
				GCC_PREPROCESSOR_DEFINITIONS = (
					"DEBUG=1",
					"$(inherited)",
				);
				GCC_SYMBOLS_PRIVATE_EXTERN = NO;
				GCC_WARN_64_TO_32_BIT_CONVERSION = YES;
				GCC_WARN_ABOUT_RETURN_TYPE = YES_ERROR;
				GCC_WARN_UNDECLARED_SELECTOR = YES;
				GCC_WARN_UNINITIALIZED_AUTOS = YES_AGGRESSIVE;
				GCC_WARN_UNUSED_FUNCTION = YES;
				GCC_WARN_UNUSED_VARIABLE = YES;
				MACOSX_DEPLOYMENT_TARGET = 10.8;
				ONLY_ACTIVE_ARCH = YES;
				SDKROOT = macosx;
				USER_HEADER_SEARCH_PATHS = /Volumes/Data/Users/qiang/taglib/include;
			};
			name = Debug;
		};
		F7E995131983418000DDE9B4 /* Release */ = {
			isa = XCBuildConfiguration;
			buildSettings = {
				ALWAYS_SEARCH_USER_PATHS = NO;
				CLANG_CXX_LANGUAGE_STANDARD = "gnu++0x";
				CLANG_CXX_LIBRARY = "libc++";
				CLANG_ENABLE_MODULES = YES;
				CLANG_ENABLE_OBJC_ARC = YES;
				CLANG_WARN_BOOL_CONVERSION = YES;
				CLANG_WARN_CONSTANT_CONVERSION = YES;
				CLANG_WARN_DIRECT_OBJC_ISA_USAGE = YES_ERROR;
				CLANG_WARN_EMPTY_BODY = YES;
				CLANG_WARN_ENUM_CONVERSION = YES;
				CLANG_WARN_INT_CONVERSION = YES;
				CLANG_WARN_OBJC_ROOT_CLASS = YES_ERROR;
				CLANG_WARN__DUPLICATE_METHOD_MATCH = YES;
				COPY_PHASE_STRIP = YES;
				DEBUG_INFORMATION_FORMAT = "dwarf-with-dsym";
				ENABLE_NS_ASSERTIONS = NO;
				GCC_C_LANGUAGE_STANDARD = gnu99;
				GCC_ENABLE_OBJC_EXCEPTIONS = YES;
				GCC_WARN_64_TO_32_BIT_CONVERSION = YES;
				GCC_WARN_ABOUT_RETURN_TYPE = YES_ERROR;
				GCC_WARN_UNDECLARED_SELECTOR = YES;
				GCC_WARN_UNINITIALIZED_AUTOS = YES_AGGRESSIVE;
				GCC_WARN_UNUSED_FUNCTION = YES;
				GCC_WARN_UNUSED_VARIABLE = YES;
				MACOSX_DEPLOYMENT_TARGET = 10.8;
				SDKROOT = macosx;
				USER_HEADER_SEARCH_PATHS = /Volumes/Data/Users/qiang/taglib/include;
			};
			name = Release;
		};
		F7E995151983418000DDE9B4 /* Debug */ = {
			isa = XCBuildConfiguration;
			buildSettings = {
				ASSETCATALOG_COMPILER_APPICON_NAME = AppIcon;
				CLANG_CXX_LIBRARY = "libstdc++";
				CODE_SIGN_ENTITLEMENTS = iD3/iD3.entitlements;
				CODE_SIGN_IDENTITY = "-";
				COMBINE_HIDPI_IMAGES = YES;
				GCC_PRECOMPILE_PREFIX_HEADER = YES;
				GCC_PREFIX_HEADER = "iD3/iD3-Prefix.pch";
				INFOPLIST_FILE = "iD3/iD3-Info.plist";
				LIBRARY_SEARCH_PATHS = (
					"$(inherited)",
					/Volumes/Data/Users/qiang/taglib/lib,
				);
				PRODUCT_NAME = "$(TARGET_NAME)";
				WRAPPER_EXTENSION = app;
			};
			name = Debug;
		};
		F7E995161983418000DDE9B4 /* Release */ = {
			isa = XCBuildConfiguration;
			buildSettings = {
				ASSETCATALOG_COMPILER_APPICON_NAME = AppIcon;
				CLANG_CXX_LIBRARY = "libstdc++";
				CODE_SIGN_ENTITLEMENTS = iD3/iD3.entitlements;
				CODE_SIGN_IDENTITY = "-";
				COMBINE_HIDPI_IMAGES = YES;
				GCC_PRECOMPILE_PREFIX_HEADER = YES;
				GCC_PREFIX_HEADER = "iD3/iD3-Prefix.pch";
				INFOPLIST_FILE = "iD3/iD3-Info.plist";
				LIBRARY_SEARCH_PATHS = (
					"$(inherited)",
					/Volumes/Data/Users/qiang/taglib/lib,
				);
				PRODUCT_NAME = "$(TARGET_NAME)";
				WRAPPER_EXTENSION = app;
			};
			name = Release;
		};
		F7E995181983418000DDE9B4 /* Debug */ = {
			isa = XCBuildConfiguration;
			buildSettings = {
				BUNDLE_LOADER = "$(BUILT_PRODUCTS_DIR)/iD3.app/Contents/MacOS/iD3";
				COMBINE_HIDPI_IMAGES = YES;
				FRAMEWORK_SEARCH_PATHS = (
					"$(DEVELOPER_FRAMEWORKS_DIR)",
					"$(inherited)",
				);
				GCC_PRECOMPILE_PREFIX_HEADER = YES;
				GCC_PREFIX_HEADER = "iD3/iD3-Prefix.pch";
				GCC_PREPROCESSOR_DEFINITIONS = (
					"DEBUG=1",
					"$(inherited)",
				);
				INFOPLIST_FILE = "iD3Tests/iD3Tests-Info.plist";
				PRODUCT_NAME = "$(TARGET_NAME)";
				TEST_HOST = "$(BUNDLE_LOADER)";
				WRAPPER_EXTENSION = xctest;
			};
			name = Debug;
		};
		F7E995191983418000DDE9B4 /* Release */ = {
			isa = XCBuildConfiguration;
			buildSettings = {
				BUNDLE_LOADER = "$(BUILT_PRODUCTS_DIR)/iD3.app/Contents/MacOS/iD3";
				COMBINE_HIDPI_IMAGES = YES;
				FRAMEWORK_SEARCH_PATHS = (
					"$(DEVELOPER_FRAMEWORKS_DIR)",
					"$(inherited)",
				);
				GCC_PRECOMPILE_PREFIX_HEADER = YES;
				GCC_PREFIX_HEADER = "iD3/iD3-Prefix.pch";
				INFOPLIST_FILE = "iD3Tests/iD3Tests-Info.plist";
				PRODUCT_NAME = "$(TARGET_NAME)";
				TEST_HOST = "$(BUNDLE_LOADER)";
				WRAPPER_EXTENSION = xctest;
			};
			name = Release;
		};
/* End XCBuildConfiguration section */

/* Begin XCConfigurationList section */
		F7E994DE1983418000DDE9B4 /* Build configuration list for PBXProject "iD3" */ = {
			isa = XCConfigurationList;
			buildConfigurations = (
				F7E995121983418000DDE9B4 /* Debug */,
				F7E995131983418000DDE9B4 /* Release */,
			);
			defaultConfigurationIsVisible = 0;
			defaultConfigurationName = Release;
		};
		F7E995141983418000DDE9B4 /* Build configuration list for PBXNativeTarget "iD3" */ = {
			isa = XCConfigurationList;
			buildConfigurations = (
				F7E995151983418000DDE9B4 /* Debug */,
				F7E995161983418000DDE9B4 /* Release */,
			);
			defaultConfigurationIsVisible = 0;
			defaultConfigurationName = Release;
		};
		F7E995171983418000DDE9B4 /* Build configuration list for PBXNativeTarget "iD3Tests" */ = {
			isa = XCConfigurationList;
			buildConfigurations = (
				F7E995181983418000DDE9B4 /* Debug */,
				F7E995191983418000DDE9B4 /* Release */,
			);
			defaultConfigurationIsVisible = 0;
			defaultConfigurationName = Release;
		};
/* End XCConfigurationList section */

/* Begin XCVersionGroup section */
		F77F88EB1987D49C00B1B3CC /* Model.xcdatamodeld */ = {
			isa = XCVersionGroup;
			children = (
				F77F88EC1987D49C00B1B3CC /* Model.xcdatamodel */,
			);
			currentVersion = F77F88EC1987D49C00B1B3CC /* Model.xcdatamodel */;
			name = Model.xcdatamodeld;
			path = DataModel/Model.xcdatamodeld;
			sourceTree = "<group>";
			versionGroupType = wrapper.xcdatamodel;
		};
/* End XCVersionGroup section */
	};
	rootObject = F7E994DB1983418000DDE9B4 /* Project object */;
}
